
Microsoft Visual Studio Solution File, Format Version 12.00
# Visual Studio Version 17
VisualStudioVersion = 17.0.32112.339
MinimumVisualStudioVersion = 10.0.40219.1
Project("{9A19103F-16F7-4668-BE54-9A1E7A4F7556}") = "WMS.Business", "WMS.Business\WMS.Business.csproj", "{6815416D-0639-4C03-BD5B-1ED41A41B60C}"
EndProject
Project("{9A19103F-16F7-4668-BE54-9A1E7A4F7556}") = "WMS.Domain", "WMS.Domain\WMS.Domain.csproj", "{968CEEF6-8309-4239-8541-A2429D970426}"
EndProject
Project("{2150E333-8FDC-42A3-9474-1A3956D46DE8}") = "01-UI Layer", "01-UI Layer", "{B89C2D7C-B871-4B4C-B3E8-B09A4CF16C0E}"
EndProject
Project("{2150E333-8FDC-42A3-9474-1A3956D46DE8}") = "04-Service Layer", "04-Service Layer", "{AC19CF3E-9E09-4612-A86D-4A737BBB5F63}"
EndProject
Project("{9A19103F-16F7-4668-BE54-9A1E7A4F7556}") = "WMS.Service.WebAPI", "WMS.Service.WebAPI\WMS.Service.WebAPI.csproj", "{1B5E149D-2F5B-4830-A472-CED20B905BFF}"
EndProject
Project("{2150E333-8FDC-42A3-9474-1A3956D46DE8}") = "05-Business Layer", "05-Business Layer", "{AA633609-BADD-49AF-8624-43AF1FE5E7F6}"
EndProject
Project("{2150E333-8FDC-42A3-9474-1A3956D46DE8}") = "06-Data Layer", "06-Data Layer", "{144402F6-14D9-4E3A-9034-AC77F9A69B7C}"
EndProject
Project("{2150E333-8FDC-42A3-9474-1A3956D46DE8}") = "03-Communications Layer", "03-Communications Layer", "{A16D860C-91C2-43E3-9681-F23F79DC9FD9}"
EndProject
Project("{9A19103F-16F7-4668-BE54-9A1E7A4F7556}") = "WMS.Communications", "WMS.Communications\WMS.Communications.csproj", "{19EABEAE-D47D-4153-BA72-5E579F04CD1A}"
EndProject
Project("{2150E333-8FDC-42A3-9474-1A3956D46DE8}") = "02-Domain", "02-Domain", "{90E1DC43-71E0-4E80-88E2-4B3373661EEA}"
EndProject
Project("{9A19103F-16F7-4668-BE54-9A1E7A4F7556}") = "WMS.Ui.MVC6", "WMS.Ui.MVC6\WMS.Ui.MVC6.csproj", "{0F9D41F5-1B3D-45BA-86CA-CD3E9D3613A6}"
EndProject
Project("{9A19103F-16F7-4668-BE54-9A1E7A4F7556}") = "WMS.Data.SQL", "WMS.Data.SQL\WMS.Data.SQL.csproj", "{F0B54AC4-AA35-4839-9AA9-0E941AC69438}"
EndProject
Project("{2150E333-8FDC-42A3-9474-1A3956D46DE8}") = "Solution Items", "Solution Items", "{D7DF8A08-4120-4736-BBE7-BEA656F6B723}"
	ProjectSection(SolutionItems) = preProject
		README.md = README.md
		WMS Diagram.vsdx = WMS Diagram.vsdx
	EndProjectSection
EndProject
Global
	GlobalSection(SolutionConfigurationPlatforms) = preSolution
		Debug|Any CPU = Debug|Any CPU
		Release|Any CPU = Release|Any CPU
	EndGlobalSection
	GlobalSection(ProjectConfigurationPlatforms) = postSolution
		{6815416D-0639-4C03-BD5B-1ED41A41B60C}.Debug|Any CPU.ActiveCfg = Debug|Any CPU
		{6815416D-0639-4C03-BD5B-1ED41A41B60C}.Debug|Any CPU.Build.0 = Debug|Any CPU
		{6815416D-0639-4C03-BD5B-1ED41A41B60C}.Release|Any CPU.ActiveCfg = Release|Any CPU
		{6815416D-0639-4C03-BD5B-1ED41A41B60C}.Release|Any CPU.Build.0 = Release|Any CPU
		{968CEEF6-8309-4239-8541-A2429D970426}.Debug|Any CPU.ActiveCfg = Debug|Any CPU
		{968CEEF6-8309-4239-8541-A2429D970426}.Debug|Any CPU.Build.0 = Debug|Any CPU
		{968CEEF6-8309-4239-8541-A2429D970426}.Release|Any CPU.ActiveCfg = Release|Any CPU
		{968CEEF6-8309-4239-8541-A2429D970426}.Release|Any CPU.Build.0 = Release|Any CPU
		{1B5E149D-2F5B-4830-A472-CED20B905BFF}.Debug|Any CPU.ActiveCfg = Debug|Any CPU
		{1B5E149D-2F5B-4830-A472-CED20B905BFF}.Debug|Any CPU.Build.0 = Debug|Any CPU
		{1B5E149D-2F5B-4830-A472-CED20B905BFF}.Release|Any CPU.ActiveCfg = Release|Any CPU
		{1B5E149D-2F5B-4830-A472-CED20B905BFF}.Release|Any CPU.Build.0 = Release|Any CPU
		{19EABEAE-D47D-4153-BA72-5E579F04CD1A}.Debug|Any CPU.ActiveCfg = Debug|Any CPU
		{19EABEAE-D47D-4153-BA72-5E579F04CD1A}.Debug|Any CPU.Build.0 = Debug|Any CPU
		{19EABEAE-D47D-4153-BA72-5E579F04CD1A}.Release|Any CPU.ActiveCfg = Release|Any CPU
		{19EABEAE-D47D-4153-BA72-5E579F04CD1A}.Release|Any CPU.Build.0 = Release|Any CPU
		{0F9D41F5-1B3D-45BA-86CA-CD3E9D3613A6}.Debug|Any CPU.ActiveCfg = Debug|Any CPU
		{0F9D41F5-1B3D-45BA-86CA-CD3E9D3613A6}.Debug|Any CPU.Build.0 = Debug|Any CPU
		{0F9D41F5-1B3D-45BA-86CA-CD3E9D3613A6}.Release|Any CPU.ActiveCfg = Release|Any CPU
		{0F9D41F5-1B3D-45BA-86CA-CD3E9D3613A6}.Release|Any CPU.Build.0 = Release|Any CPU
		{F0B54AC4-AA35-4839-9AA9-0E941AC69438}.Debug|Any CPU.ActiveCfg = Debug|Any CPU
		{F0B54AC4-AA35-4839-9AA9-0E941AC69438}.Debug|Any CPU.Build.0 = Debug|Any CPU
		{F0B54AC4-AA35-4839-9AA9-0E941AC69438}.Release|Any CPU.ActiveCfg = Release|Any CPU
		{F0B54AC4-AA35-4839-9AA9-0E941AC69438}.Release|Any CPU.Build.0 = Release|Any CPU
	EndGlobalSection
	GlobalSection(SolutionProperties) = preSolution
		HideSolutionNode = FALSE
	EndGlobalSection
	GlobalSection(NestedProjects) = preSolution
		{6815416D-0639-4C03-BD5B-1ED41A41B60C} = {AA633609-BADD-49AF-8624-43AF1FE5E7F6}
		{968CEEF6-8309-4239-8541-A2429D970426} = {90E1DC43-71E0-4E80-88E2-4B3373661EEA}
		{1B5E149D-2F5B-4830-A472-CED20B905BFF} = {AC19CF3E-9E09-4612-A86D-4A737BBB5F63}
		{19EABEAE-D47D-4153-BA72-5E579F04CD1A} = {A16D860C-91C2-43E3-9681-F23F79DC9FD9}
		{0F9D41F5-1B3D-45BA-86CA-CD3E9D3613A6} = {B89C2D7C-B871-4B4C-B3E8-B09A4CF16C0E}
		{F0B54AC4-AA35-4839-9AA9-0E941AC69438} = {144402F6-14D9-4E3A-9034-AC77F9A69B7C}
	EndGlobalSection
	GlobalSection(ExtensibilityGlobals) = postSolution
		SolutionGuid = {224D2729-B6CB-4796-B887-71A6556C583E}
	EndGlobalSection
EndGlobal
